
Microsoft Visual Studio Solution File, Format Version 12.00
# Visual Studio 15
VisualStudioVersion = 15.0.28307.421
MinimumVisualStudioVersion = 10.0.40219.1
Project("{FAE04EC0-301F-11D3-BF4B-00C04F79EFBC}") = "SignalRSample", "SignalRSample\SignalRSample.csproj", "{FCD4EACB-1ECD-43BF-A8CD-9987999B15B0}"
EndProject
Global
	GlobalSection(SolutionConfigurationPlatforms) = preSolution
		Debug|Any CPU = Debug|Any CPU
		Release|Any CPU = Release|Any CPU
	EndGlobalSection
	GlobalSection(ProjectConfigurationPlatforms) = postSolution
		{FCD4EACB-1ECD-43BF-A8CD-9987999B15B0}.Debug|Any CPU.ActiveCfg = Debug|Any CPU
		{FCD4EACB-1ECD-43BF-A8CD-9987999B15B0}.Debug|Any CPU.Build.0 = Debug|Any CPU
		{FCD4EACB-1ECD-43BF-A8CD-9987999B15B0}.Release|Any CPU.ActiveCfg = Release|Any CPU
		{FCD4EACB-1ECD-43BF-A8CD-9987999B15B0}.Release|Any CPU.Build.0 = Release|Any CPU
	EndGlobalSection
	GlobalSection(SolutionProperties) = preSolution
		HideSolutionNode = FALSE
	EndGlobalSection
	GlobalSection(ExtensibilityGlobals) = postSolution
		SolutionGuid = {8039FE28-EFDD-47EE-BE36-D14EB3719CD6}
	EndGlobalSection
EndGlobal
